
Microsoft Visual Studio Solution File, Format Version 12.00
# Visual Studio Version 16
VisualStudioVersion = 16.0.29613.14
MinimumVisualStudioVersion = 10.0.40219.1
Project("{FAE04EC0-301F-11D3-BF4B-00C04F79EFBC}") = "OopExamples", "OopExamples\OopExamples.csproj", "{FD6C1217-E19B-4A6B-A77C-8572219735F0}"
EndProject
Global
	GlobalSection(SolutionConfigurationPlatforms) = preSolution
		Debug|Any CPU = Debug|Any CPU
		Release|Any CPU = Release|Any CPU
	EndGlobalSection
	GlobalSection(ProjectConfigurationPlatforms) = postSolution
		{FD6C1217-E19B-4A6B-A77C-8572219735F0}.Debug|Any CPU.ActiveCfg = Debug|Any CPU
		{FD6C1217-E19B-4A6B-A77C-8572219735F0}.Debug|Any CPU.Build.0 = Debug|Any CPU
		{FD6C1217-E19B-4A6B-A77C-8572219735F0}.Release|Any CPU.ActiveCfg = Release|Any CPU
		{FD6C1217-E19B-4A6B-A77C-8572219735F0}.Release|Any CPU.Build.0 = Release|Any CPU
	EndGlobalSection
	GlobalSection(SolutionProperties) = preSolution
		HideSolutionNode = FALSE
	EndGlobalSection
	GlobalSection(ExtensibilityGlobals) = postSolution
		SolutionGuid = {B69FC912-E530-4FA8-B284-BB390F2F7C4F}
	EndGlobalSection
EndGlobal
